
Microsoft Visual Studio Solution File, Format Version 12.00
# Visual Studio 2013
VisualStudioVersion = 12.0.21005.1
MinimumVisualStudioVersion = 10.0.40219.1
Project("{F184B08F-C81C-45F6-A57F-5ABD9991F28F}") = "QueueSharp", "QueueSharp\QueueSharp.vbproj", "{8805E90B-0835-4E89-9729-2EC52A05B33A}"
EndProject
Project("{F184B08F-C81C-45F6-A57F-5ABD9991F28F}") = "KioskElo", "KioskElo\KioskElo.vbproj", "{0F54C568-0652-4409-BBFD-C0BE2B4F0647}"
EndProject
Project("{F184B08F-C81C-45F6-A57F-5ABD9991F28F}") = "DashboardPCAgent", "DashboardPCAgent\DashboardPCAgent.vbproj", "{2E67E235-9301-4D56-B21E-56A906C31D04}"
EndProject
Project("{F184B08F-C81C-45F6-A57F-5ABD9991F28F}") = "MainDisplayFlash", "MainDisplayFlash\MainDisplayFlash.vbproj", "{1FC8CFEE-952E-4220-9033-6AA08543A302}"
EndProject
Project("{F184B08F-C81C-45F6-A57F-5ABD9991F28F}") = "Engine", "..\RefObj\Engine\Engine.vbproj", "{84F1C5F3-07A6-4523-8EE1-DDF2F4EBBCB2}"
EndProject
Project("{F184B08F-C81C-45F6-A57F-5ABD9991F28F}") = "LinqDB", "..\RefObj\LinqDB\LinqDB.vbproj", "{C05271C5-84AC-42EB-B61C-34051A627AAF}"
EndProject
Project("{FAE04EC0-301F-11D3-BF4B-00C04F79EFBC}") = "ImportScanData", "ImportScanData\ImportScanData.csproj", "{24DA510C-0CF3-41B3-9D1C-B180FCF327B7}"
EndProject
Global
	GlobalSection(SolutionConfigurationPlatforms) = preSolution
		Debug|Any CPU = Debug|Any CPU
		Release|Any CPU = Release|Any CPU
	EndGlobalSection
	GlobalSection(ProjectConfigurationPlatforms) = postSolution
		{8805E90B-0835-4E89-9729-2EC52A05B33A}.Debug|Any CPU.ActiveCfg = Debug|Any CPU
		{8805E90B-0835-4E89-9729-2EC52A05B33A}.Debug|Any CPU.Build.0 = Debug|Any CPU
		{8805E90B-0835-4E89-9729-2EC52A05B33A}.Release|Any CPU.ActiveCfg = Release|Any CPU
		{8805E90B-0835-4E89-9729-2EC52A05B33A}.Release|Any CPU.Build.0 = Release|Any CPU
		{0F54C568-0652-4409-BBFD-C0BE2B4F0647}.Debug|Any CPU.ActiveCfg = Debug|Any CPU
		{0F54C568-0652-4409-BBFD-C0BE2B4F0647}.Debug|Any CPU.Build.0 = Debug|Any CPU
		{0F54C568-0652-4409-BBFD-C0BE2B4F0647}.Release|Any CPU.ActiveCfg = Release|Any CPU
		{0F54C568-0652-4409-BBFD-C0BE2B4F0647}.Release|Any CPU.Build.0 = Release|Any CPU
		{2E67E235-9301-4D56-B21E-56A906C31D04}.Debug|Any CPU.ActiveCfg = Debug|Any CPU
		{2E67E235-9301-4D56-B21E-56A906C31D04}.Debug|Any CPU.Build.0 = Debug|Any CPU
		{2E67E235-9301-4D56-B21E-56A906C31D04}.Release|Any CPU.ActiveCfg = Release|Any CPU
		{2E67E235-9301-4D56-B21E-56A906C31D04}.Release|Any CPU.Build.0 = Release|Any CPU
		{1FC8CFEE-952E-4220-9033-6AA08543A302}.Debug|Any CPU.ActiveCfg = Debug|Any CPU
		{1FC8CFEE-952E-4220-9033-6AA08543A302}.Debug|Any CPU.Build.0 = Debug|Any CPU
		{1FC8CFEE-952E-4220-9033-6AA08543A302}.Release|Any CPU.ActiveCfg = Release|Any CPU
		{1FC8CFEE-952E-4220-9033-6AA08543A302}.Release|Any CPU.Build.0 = Release|Any CPU
		{84F1C5F3-07A6-4523-8EE1-DDF2F4EBBCB2}.Debug|Any CPU.ActiveCfg = Debug|Any CPU
		{84F1C5F3-07A6-4523-8EE1-DDF2F4EBBCB2}.Debug|Any CPU.Build.0 = Debug|Any CPU
		{84F1C5F3-07A6-4523-8EE1-DDF2F4EBBCB2}.Release|Any CPU.ActiveCfg = Release|Any CPU
		{84F1C5F3-07A6-4523-8EE1-DDF2F4EBBCB2}.Release|Any CPU.Build.0 = Release|Any CPU
		{C05271C5-84AC-42EB-B61C-34051A627AAF}.Debug|Any CPU.ActiveCfg = Debug|Any CPU
		{C05271C5-84AC-42EB-B61C-34051A627AAF}.Debug|Any CPU.Build.0 = Debug|Any CPU
		{C05271C5-84AC-42EB-B61C-34051A627AAF}.Release|Any CPU.ActiveCfg = Release|Any CPU
		{C05271C5-84AC-42EB-B61C-34051A627AAF}.Release|Any CPU.Build.0 = Release|Any CPU
		{24DA510C-0CF3-41B3-9D1C-B180FCF327B7}.Debug|Any CPU.ActiveCfg = Debug|Any CPU
		{24DA510C-0CF3-41B3-9D1C-B180FCF327B7}.Debug|Any CPU.Build.0 = Debug|Any CPU
		{24DA510C-0CF3-41B3-9D1C-B180FCF327B7}.Release|Any CPU.ActiveCfg = Release|Any CPU
		{24DA510C-0CF3-41B3-9D1C-B180FCF327B7}.Release|Any CPU.Build.0 = Release|Any CPU
	EndGlobalSection
	GlobalSection(SolutionProperties) = preSolution
		HideSolutionNode = FALSE
	EndGlobalSection
	GlobalSection(ExtensibilityGlobals) = postSolution
		VisualSVNWorkingCopyRoot = ..
	EndGlobalSection
EndGlobal
